github.com/emersion/go-ical v0.0.0-20211103111159-f16f27911f39 h1:z8/rAgWs7JTxfMlGmyvaQYYsoHPoMglGvMJPab3JG4U=
github.com/emersion/go-ical v0.0.0-20211103111159-f16f27911f39/go.mod h1:2MKFUgfNMULRxqZkadG1Vh44we3y5gJAtTBlVsx1BKQ=
github.com/emersion/go-vcard v0.0.0-20210521075357-3445b9171995 h1:DpVfmcoBs6o9VYcccNWbuKFQxuHCgt25/y4q9H8AUvc=
github.com/emersion/go-vcard v0.0.0-20210521075357-3445b9171995/go.mod h1:HMJKR5wlh/ziNp+sHEDV2ltblO4JD2+IdDOWtGcQBTM=
github.com/teambition/rrule-go v1.7.2 h1:goEajFWYydfCgavn2m/3w5U+1b3PGqPUHx/fFSVfTy0=
github.com/teambition/rrule-go v1.7.2/go.mod h1:mBJ1Ht5uboJ6jexKdNUJg2NcwP8uUMNvStWXlJD3MvU=
